
Microsoft Visual Studio Solution File, Format Version 11.00
# Visual Studio 2010
Project("{FAE04EC0-301F-11D3-BF4B-00C04F79EFBC}") = "Assembly-CSharp", "Assembly-CSharp.csproj", "{1028F2A5-5148-F0A8-8819-8AFB71C5F543}"
EndProject
Project("{FAE04EC0-301F-11D3-BF4B-00C04F79EFBC}") = "Substance.EditorHelper", "Substance.EditorHelper.csproj", "{BA6B5331-9321-2803-E64A-2688555CCE6E}"
EndProject
Project("{FAE04EC0-301F-11D3-BF4B-00C04F79EFBC}") = "Substance.Platform", "Substance.Platform.csproj", "{34938B77-E659-78DD-934F-154663C73460}"
EndProject
Global
	GlobalSection(SolutionConfigurationPlatforms) = preSolution
		Debug|Any CPU = Debug|Any CPU
		Release|Any CPU = Release|Any CPU
	EndGlobalSection
	GlobalSection(ProjectConfigurationPlatforms) = postSolution
		{1028F2A5-5148-F0A8-8819-8AFB71C5F543}.Debug|Any CPU.ActiveCfg = Debug|Any CPU
		{1028F2A5-5148-F0A8-8819-8AFB71C5F543}.Debug|Any CPU.Build.0 = Debug|Any CPU
		{1028F2A5-5148-F0A8-8819-8AFB71C5F543}.Release|Any CPU.ActiveCfg = Release|Any CPU
		{1028F2A5-5148-F0A8-8819-8AFB71C5F543}.Release|Any CPU.Build.0 = Release|Any CPU
		{BA6B5331-9321-2803-E64A-2688555CCE6E}.Debug|Any CPU.ActiveCfg = Debug|Any CPU
		{BA6B5331-9321-2803-E64A-2688555CCE6E}.Debug|Any CPU.Build.0 = Debug|Any CPU
		{BA6B5331-9321-2803-E64A-2688555CCE6E}.Release|Any CPU.ActiveCfg = Release|Any CPU
		{BA6B5331-9321-2803-E64A-2688555CCE6E}.Release|Any CPU.Build.0 = Release|Any CPU
		{34938B77-E659-78DD-934F-154663C73460}.Debug|Any CPU.ActiveCfg = Debug|Any CPU
		{34938B77-E659-78DD-934F-154663C73460}.Debug|Any CPU.Build.0 = Debug|Any CPU
		{34938B77-E659-78DD-934F-154663C73460}.Release|Any CPU.ActiveCfg = Release|Any CPU
		{34938B77-E659-78DD-934F-154663C73460}.Release|Any CPU.Build.0 = Release|Any CPU
	EndGlobalSection
	GlobalSection(SolutionProperties) = preSolution
		HideSolutionNode = FALSE
	EndGlobalSection
EndGlobal
