
Microsoft Visual Studio Solution File, Format Version 11.00
# Visual Studio 2010
Project("{FAE04EC0-301F-11D3-BF4B-00C04F79EFBC}") = "Assembly-CSharp", "Assembly-CSharp.csproj", "{6442c788-b8d0-747d-d109-ff5bd2fc466d}"
EndProject
Project("{FAE04EC0-301F-11D3-BF4B-00C04F79EFBC}") = "Substance.EditorHelper", "Substance.EditorHelper.csproj", "{f2064fa0-8b06-f108-3b89-b3015dab5b3d}"
EndProject
Project("{FAE04EC0-301F-11D3-BF4B-00C04F79EFBC}") = "Substance.Platform", "Substance.Platform.csproj", "{5948e45a-ee0a-204c-9d55-4849ddd075da}"
EndProject
Global
	GlobalSection(SolutionConfigurationPlatforms) = preSolution
		Debug|Any CPU = Debug|Any CPU
	EndGlobalSection
	GlobalSection(ProjectConfigurationPlatforms) = postSolution
		{6442c788-b8d0-747d-d109-ff5bd2fc466d}.Debug|Any CPU.ActiveCfg = Debug|Any CPU
		{6442c788-b8d0-747d-d109-ff5bd2fc466d}.Debug|Any CPU.Build.0 = Debug|Any CPU
		{f2064fa0-8b06-f108-3b89-b3015dab5b3d}.Debug|Any CPU.ActiveCfg = Debug|Any CPU
		{f2064fa0-8b06-f108-3b89-b3015dab5b3d}.Debug|Any CPU.Build.0 = Debug|Any CPU
		{5948e45a-ee0a-204c-9d55-4849ddd075da}.Debug|Any CPU.ActiveCfg = Debug|Any CPU
		{5948e45a-ee0a-204c-9d55-4849ddd075da}.Debug|Any CPU.Build.0 = Debug|Any CPU
	EndGlobalSection
	GlobalSection(SolutionProperties) = preSolution
		HideSolutionNode = FALSE
	EndGlobalSection
EndGlobal
